<?xml version="1.0" encoding="utf-8"?>
<Project ToolsVersion="4.0" xmlns="http://schemas.microsoft.com/developer/msbuild/2003">
  <ItemGroup>
    <Filter Include="Source Files">
      <UniqueIdentifier>{4FC737F1-C7A5-4376-A066-2A32D752A2FF}</UniqueIdentifier>
      <Extensions>cpp;c;cc;cxx;c++;cppm;ixx;def;odl;idl;hpj;bat;asm;asmx</Extensions>
    </Filter>
    <Filter Include="Header Files">
      <UniqueIdentifier>{93995380-89BD-4b04-88EB-625FBE52EBFB}</UniqueIdentifier>
      <Extensions>h;hh;hpp;hxx;h++;hm;inl;inc;ipp;xsd</Extensions>
    </Filter>
    <Filter Include="Resource Files">
      <UniqueIdentifier>{67DA6AB6-F800-4c08-8B7A-83BB121AAD01}</UniqueIdentifier>
      <Extensions>rc;ico;cur;bmp;dlg;rc2;rct;bin;rgs;gif;jpg;jpeg;jpe;resx;tiff;tif;png;wav;mfcribbon-ms</Extensions>
    </Filter>
    <Filter Include="Source Files\imgui">
      <UniqueIdentifier>{096d8aad-d234-44cf-9891-6cf97a103198}</UniqueIdentifier>
    </Filter>
    <Filter Include="Source Files\implot">
      <UniqueIdentifier>{c855e7fb-5ea3-4f6f-88d7-00e4068102dc}</UniqueIdentifier>
    </Filter>
  </ItemGroup>
  <ItemGroup>
    <ClCompile Include="SyncBoardsChannelOut.cpp">
      <Filter>Source Files</Filter>
    </ClCompile>
    <ClCompile Include="AcquisitionController.cpp">
      <Filter>Source Files</Filter>
    </ClCompile>
    <ClCompile Include="AlazarDigitizer.cpp">
      <Filter>Source Files</Filter>
    </ClCompile>
    <ClCompile Include="imgui.cpp">
      <Filter>Source Files</Filter>
    </ClCompile>
    <ClCompile Include="IoBuffer.cpp">
      <Filter>Source Files</Filter>
    </ClCompile>
    <ClCompile Include="main-cli.cpp">
      <Filter>Source Files</Filter>
    </ClCompile>
    <ClCompile Include="imgui\imgui.cpp">
      <Filter>Source Files\imgui</Filter>
    </ClCompile>
    <ClCompile Include="imgui\imgui_demo.cpp">
      <Filter>Source Files\imgui</Filter>
    </ClCompile>
    <ClCompile Include="imgui\imgui_draw.cpp">
      <Filter>Source Files\imgui</Filter>
    </ClCompile>
    <ClCompile Include="imgui\imgui_impl_dx11.cpp">
      <Filter>Source Files\imgui</Filter>
    </ClCompile>
    <ClCompile Include="imgui\imgui_impl_win32.cpp">
      <Filter>Source Files\imgui</Filter>
    </ClCompile>
    <ClCompile Include="imgui\imgui_tables.cpp">
      <Filter>Source Files\imgui</Filter>
    </ClCompile>
    <ClCompile Include="imgui\imgui_widgets.cpp">
      <Filter>Source Files\imgui</Filter>
    </ClCompile>
    <ClCompile Include="multithreadMain.cpp">
      <Filter>Source Files</Filter>
    </ClCompile>
    <ClCompile Include="AcquisitionControllerMultiThread.cpp">
      <Filter>Source Files</Filter>
    </ClCompile>
    <ClCompile Include="implot\implot.cpp">
      <Filter>Source Files\implot</Filter>
    </ClCompile>
    <ClCompile Include="implot\implot_demo.cpp">
      <Filter>Source Files\implot</Filter>
    </ClCompile>
    <ClCompile Include="implot\implot_items.cpp">
      <Filter>Source Files\implot</Filter>
    </ClCompile>
    <ClCompile Include="updateGUI.cpp">
      <Filter>Source Files</Filter>
    </ClCompile>
    <ClCompile Include="WorkingGUI.cpp">
      <Filter>Source Files</Filter>
    </ClCompile>
    <ClCompile Include="AcquisitionControllerLineDetect.cpp">
      <Filter>Source Files</Filter>
    </ClCompile>
  </ItemGroup>
  <ItemGroup>
    <ClInclude Include="AcquisitionController.h">
      <Filter>Header Files</Filter>
    </ClInclude>
    <ClInclude Include="AlazarDigitizer.h">
      <Filter>Header Files</Filter>
    </ClInclude>
    <ClInclude Include="ATSsync.h">
      <Filter>Header Files</Filter>
    </ClInclude>
    <ClInclude Include="ATSsync_types.h">
      <Filter>Header Files</Filter>
    </ClInclude>
    <ClInclude Include="imconfig.h">
      <Filter>Header Files</Filter>
    </ClInclude>
    <ClInclude Include="imgui.h">
      <Filter>Header Files</Filter>
    </ClInclude>
    <ClInclude Include="imgui_internal.h">
      <Filter>Header Files</Filter>
    </ClInclude>
    <ClInclude Include="imstb_rectpack.h">
      <Filter>Header Files</Filter>
    </ClInclude>
    <ClInclude Include="imstb_textedit.h">
      <Filter>Header Files</Filter>
    </ClInclude>
    <ClInclude Include="imstb_truetype.h">
      <Filter>Header Files</Filter>
    </ClInclude>
    <ClInclude Include="IoBuffer.h">
      <Filter>Header Files</Filter>
    </ClInclude>
    <ClInclude Include="ProjectSetting.h">
      <Filter>Header Files</Filter>
    </ClInclude>
    <ClInclude Include="AlazarApi.h">
      <Filter>Header Files</Filter>
    </ClInclude>
    <ClInclude Include="AlazarCmd.h">
      <Filter>Header Files</Filter>
    </ClInclude>
    <ClInclude Include="AlazarDSP.h">
      <Filter>Header Files</Filter>
    </ClInclude>
    <ClInclude Include="AlazarError.h">
      <Filter>Header Files</Filter>
    </ClInclude>
    <ClInclude Include="AlazarGalvo.h">
      <Filter>Header Files</Filter>
    </ClInclude>
    <ClInclude Include="AlazarRC.h">
      <Filter>Header Files</Filter>
    </ClInclude>
    <ClInclude Include="implot\implot.h">
      <Filter>Header Files</Filter>
    </ClInclude>
    <ClInclude Include="implot\implot_internal.h">
      <Filter>Header Files</Filter>
    </ClInclude>
    <ClInclude Include="AlexCode\dataThread.h">
      <Filter>Header Files</Filter>
    </ClInclude>
    <ClInclude Include="AlexCode\parsguiconfig.h">
      <Filter>Header Files</Filter>
    </ClInclude>
    <ClInclude Include="AlexCode\saveThread.h">
      <Filter>Header Files</Filter>
    </ClInclude>
    <ClInclude Include="AcquisitionControllerMultiThread.h">
      <Filter>Header Files</Filter>
    </ClInclude>
    <ClInclude Include="AcquisitionControllerLineDetect.h">
      <Filter>Header Files</Filter>
    </ClInclude>
  </ItemGroup>
  <ItemGroup>
    <None Include="implot\.gitignore">
      <Filter>Source Files\implot</Filter>
    </None>
    <None Include="implot\LICENSE">
      <Filter>Source Files\implot</Filter>
    </None>
    <None Include="implot\README.md">
      <Filter>Source Files\implot</Filter>
    </None>
    <None Include="implot\TODO.md">
      <Filter>Source Files\implot</Filter>
    </None>
  </ItemGroup>
</Project>